
Microsoft Visual Studio Solution File, Format Version 12.00
# Visual Studio Version 17
VisualStudioVersion = 17.10.35122.118
MinimumVisualStudioVersion = 10.0.40219.1
Project("{FAE04EC0-301F-11D3-BF4B-00C04F79EFBC}") = "sistema-estacionamento", "sistema-estacionamento\sistema-estacionamento.csproj", "{5C26B8FD-8317-4921-B21D-627739601C23}"
EndProject
Global
	GlobalSection(SolutionConfigurationPlatforms) = preSolution
		Debug|Any CPU = Debug|Any CPU
		Release|Any CPU = Release|Any CPU
	EndGlobalSection
	GlobalSection(ProjectConfigurationPlatforms) = postSolution
		{5C26B8FD-8317-4921-B21D-627739601C23}.Debug|Any CPU.ActiveCfg = Debug|Any CPU
		{5C26B8FD-8317-4921-B21D-627739601C23}.Debug|Any CPU.Build.0 = Debug|Any CPU
		{5C26B8FD-8317-4921-B21D-627739601C23}.Release|Any CPU.ActiveCfg = Release|Any CPU
		{5C26B8FD-8317-4921-B21D-627739601C23}.Release|Any CPU.Build.0 = Release|Any CPU
	EndGlobalSection
	GlobalSection(SolutionProperties) = preSolution
		HideSolutionNode = FALSE
	EndGlobalSection
	GlobalSection(ExtensibilityGlobals) = postSolution
		SolutionGuid = {48C0C257-9C19-4EC6-87DC-A973FDE01653}
	EndGlobalSection
EndGlobal
